// !$*UTF8*$!
{
	archiveVersion = 1;
	classes = {
	};
	objectVersion = 56;
	objects = {

/* Begin PBXBuildFile section */
		BC019D292958A85C00EB04F8 /* DetailViewCell.swift in Sources */ = {isa = PBXBuildFile; fileRef = BC019D282958A85C00EB04F8 /* DetailViewCell.swift */; };
		BC16850229AF625A002ED0C5 /* ChangeEmailView.swift in Sources */ = {isa = PBXBuildFile; fileRef = BC16850129AF625A002ED0C5 /* ChangeEmailView.swift */; };
		BC17416F292D33680055A0B8 /* ItemView.swift in Sources */ = {isa = PBXBuildFile; fileRef = BC17416E292D33680055A0B8 /* ItemView.swift */; };
		BC174171292D46B30055A0B8 /* FilterView.swift in Sources */ = {isa = PBXBuildFile; fileRef = BC174170292D46B30055A0B8 /* FilterView.swift */; };
		BC174175292D55760055A0B8 /* FilterCell.swift in Sources */ = {isa = PBXBuildFile; fileRef = BC174174292D55760055A0B8 /* FilterCell.swift */; };
		BC174177292D59FF0055A0B8 /* PriceCell.swift in Sources */ = {isa = PBXBuildFile; fileRef = BC174176292D59FF0055A0B8 /* PriceCell.swift */; };
		BC2626622944CDEA0049E7A9 /* CollectionTableViewCell.swift in Sources */ = {isa = PBXBuildFile; fileRef = BC2626612944CDEA0049E7A9 /* CollectionTableViewCell.swift */; };
		BC2FD2D729EAD30200CAC8BA /* NoConnectionView.swift in Sources */ = {isa = PBXBuildFile; fileRef = BC2FD2D629EAD30200CAC8BA /* NoConnectionView.swift */; };
		BC325C442986A0AD00EF83AB /* HeaderView.swift in Sources */ = {isa = PBXBuildFile; fileRef = BC325C432986A0AD00EF83AB /* HeaderView.swift */; };
		BC42D98A29B8919A003B6476 /* ChangeNumberView.swift in Sources */ = {isa = PBXBuildFile; fileRef = BC42D98929B8919A003B6476 /* ChangeNumberView.swift */; };
		BC42D98C29B8BB99003B6476 /* User.swift in Sources */ = {isa = PBXBuildFile; fileRef = BC42D98B29B8BB99003B6476 /* User.swift */; };
		BC54D04329B3DEDB00E6F45F /* ActiveAdsView.swift in Sources */ = {isa = PBXBuildFile; fileRef = BC54D04229B3DEDB00E6F45F /* ActiveAdsView.swift */; };
		BC54D04529B3EDDD00E6F45F /* AdCell.swift in Sources */ = {isa = PBXBuildFile; fileRef = BC54D04429B3EDDD00E6F45F /* AdCell.swift */; };
		BC56DC822997B678002790B8 /* LoginView.swift in Sources */ = {isa = PBXBuildFile; fileRef = BC56DC812997B678002790B8 /* LoginView.swift */; };
		BC56DC842997B6F4002790B8 /* AccountView.swift in Sources */ = {isa = PBXBuildFile; fileRef = BC56DC832997B6F4002790B8 /* AccountView.swift */; };
		BC56DC872997C20C002790B8 /* SegmentedControlCell.swift in Sources */ = {isa = PBXBuildFile; fileRef = BC56DC862997C20C002790B8 /* SegmentedControlCell.swift */; };
		BC5A4EE9292BAC3A003A20B7 /* DetailView.swift in Sources */ = {isa = PBXBuildFile; fileRef = BC5A4EE8292BAC3A003A20B7 /* DetailView.swift */; };
		BC5A4EED292C1754003A20B7 /* Utilities.swift in Sources */ = {isa = PBXBuildFile; fileRef = BC5A4EEC292C1754003A20B7 /* Utilities.swift */; };
		BC5CB87E293B7D870017AE69 /* TextFieldCell.swift in Sources */ = {isa = PBXBuildFile; fileRef = BC5CB87D293B7D870017AE69 /* TextFieldCell.swift */; };
		BC5CB880293B7EF10017AE69 /* TextViewCell.swift in Sources */ = {isa = PBXBuildFile; fileRef = BC5CB87F293B7EF10017AE69 /* TextViewCell.swift */; };
		BC611B9D29AA9C2C00F259FD /* ChangeUnitView.swift in Sources */ = {isa = PBXBuildFile; fileRef = BC611B9C29AA9C2C00F259FD /* ChangeUnitView.swift */; };
		BC66A6E92929154B00F33E7D /* Item.swift in Sources */ = {isa = PBXBuildFile; fileRef = BC66A6E82929154B00F33E7D /* Item.swift */; };
		BC66A6EB29296D8900F33E7D /* Storage.swift in Sources */ = {isa = PBXBuildFile; fileRef = BC66A6EA29296D8900F33E7D /* Storage.swift */; };
		BC6770702927D4A600985CAB /* SearchView.swift in Sources */ = {isa = PBXBuildFile; fileRef = BC67706F2927D4A600985CAB /* SearchView.swift */; };
		BC67B219298C6245000E45D1 /* RadiusCell.swift in Sources */ = {isa = PBXBuildFile; fileRef = BC67B218298C6245000E45D1 /* RadiusCell.swift */; };
		BC69075B2939247F005D1EAB /* PhotosCell.swift in Sources */ = {isa = PBXBuildFile; fileRef = BC69075A2939247F005D1EAB /* PhotosCell.swift */; };
		BC69ED652938F37A00A63A79 /* AddItemView.swift in Sources */ = {isa = PBXBuildFile; fileRef = BC69ED642938F37A00A63A79 /* AddItemView.swift */; };
		BC6FDA7529D612A000AFA4E9 /* EndedAdsView.swift in Sources */ = {isa = PBXBuildFile; fileRef = BC6FDA7429D612A000AFA4E9 /* EndedAdsView.swift */; };
		BC6FF4902957841100F1D772 /* ItemViewCell.swift in Sources */ = {isa = PBXBuildFile; fileRef = BC6FF48F2957841100F1D772 /* ItemViewCell.swift */; };
		BC72B09429B0C92E00703FF4 /* ChangePasswordView.swift in Sources */ = {isa = PBXBuildFile; fileRef = BC72B09329B0C92E00703FF4 /* ChangePasswordView.swift */; };
		BC78F72B295EED4F0006DDB6 /* MapViewCell.swift in Sources */ = {isa = PBXBuildFile; fileRef = BC78F72A295EED4F0006DDB6 /* MapViewCell.swift */; };
		BCCE154B293BE14F00C256E4 /* ButtonCell.swift in Sources */ = {isa = PBXBuildFile; fileRef = BCCE154A293BE14F00C256E4 /* ButtonCell.swift */; };
		BCE805D929324670009CB632 /* SavedView.swift in Sources */ = {isa = PBXBuildFile; fileRef = BCE805D829324670009CB632 /* SavedView.swift */; };
		BCF2F94629266D2400930252 /* AppDelegate.swift in Sources */ = {isa = PBXBuildFile; fileRef = BCF2F94529266D2400930252 /* AppDelegate.swift */; };
		BCF2F94829266D2400930252 /* SceneDelegate.swift in Sources */ = {isa = PBXBuildFile; fileRef = BCF2F94729266D2400930252 /* SceneDelegate.swift */; };
		BCF2F94A29266D2400930252 /* ViewController.swift in Sources */ = {isa = PBXBuildFile; fileRef = BCF2F94929266D2400930252 /* ViewController.swift */; };
		BCF2F94D29266D2400930252 /* Main.storyboard in Resources */ = {isa = PBXBuildFile; fileRef = BCF2F94B29266D2400930252 /* Main.storyboard */; };
		BCF2F94F29266D2600930252 /* Assets.xcassets in Resources */ = {isa = PBXBuildFile; fileRef = BCF2F94E29266D2600930252 /* Assets.xcassets */; };
		BCF2F95229266D2600930252 /* LaunchScreen.storyboard in Resources */ = {isa = PBXBuildFile; fileRef = BCF2F95029266D2600930252 /* LaunchScreen.storyboard */; };
		BCF2F95A2926CFEB00930252 /* ItemCell.swift in Sources */ = {isa = PBXBuildFile; fileRef = BCF2F9592926CFEB00930252 /* ItemCell.swift */; };
		BCF2F95C2926D71E00930252 /* CategoryView.swift in Sources */ = {isa = PBXBuildFile; fileRef = BCF2F95B2926D71E00930252 /* CategoryView.swift */; };
/* End PBXBuildFile section */

/* Begin PBXFileReference section */
		BC019D282958A85C00EB04F8 /* DetailViewCell.swift */ = {isa = PBXFileReference; lastKnownFileType = sourcecode.swift; path = DetailViewCell.swift; sourceTree = "<group>"; };
		BC16850129AF625A002ED0C5 /* ChangeEmailView.swift */ = {isa = PBXFileReference; lastKnownFileType = sourcecode.swift; path = ChangeEmailView.swift; sourceTree = "<group>"; };
		BC17416E292D33680055A0B8 /* ItemView.swift */ = {isa = PBXFileReference; lastKnownFileType = sourcecode.swift; path = ItemView.swift; sourceTree = "<group>"; };
		BC174170292D46B30055A0B8 /* FilterView.swift */ = {isa = PBXFileReference; lastKnownFileType = sourcecode.swift; path = FilterView.swift; sourceTree = "<group>"; };
		BC174174292D55760055A0B8 /* FilterCell.swift */ = {isa = PBXFileReference; lastKnownFileType = sourcecode.swift; path = FilterCell.swift; sourceTree = "<group>"; };
		BC174176292D59FF0055A0B8 /* PriceCell.swift */ = {isa = PBXFileReference; lastKnownFileType = sourcecode.swift; path = PriceCell.swift; sourceTree = "<group>"; };
		BC2626612944CDEA0049E7A9 /* CollectionTableViewCell.swift */ = {isa = PBXFileReference; lastKnownFileType = sourcecode.swift; path = CollectionTableViewCell.swift; sourceTree = "<group>"; };
		BC2FD2D629EAD30200CAC8BA /* NoConnectionView.swift */ = {isa = PBXFileReference; lastKnownFileType = sourcecode.swift; path = NoConnectionView.swift; sourceTree = "<group>"; };
		BC325C432986A0AD00EF83AB /* HeaderView.swift */ = {isa = PBXFileReference; lastKnownFileType = sourcecode.swift; path = HeaderView.swift; sourceTree = "<group>"; };
		BC42D98929B8919A003B6476 /* ChangeNumberView.swift */ = {isa = PBXFileReference; lastKnownFileType = sourcecode.swift; path = ChangeNumberView.swift; sourceTree = "<group>"; };
		BC42D98B29B8BB99003B6476 /* User.swift */ = {isa = PBXFileReference; lastKnownFileType = sourcecode.swift; path = User.swift; sourceTree = "<group>"; };
		BC54D04229B3DEDB00E6F45F /* ActiveAdsView.swift */ = {isa = PBXFileReference; lastKnownFileType = sourcecode.swift; path = ActiveAdsView.swift; sourceTree = "<group>"; };
		BC54D04429B3EDDD00E6F45F /* AdCell.swift */ = {isa = PBXFileReference; lastKnownFileType = sourcecode.swift; path = AdCell.swift; sourceTree = "<group>"; };
		BC56DC812997B678002790B8 /* LoginView.swift */ = {isa = PBXFileReference; lastKnownFileType = sourcecode.swift; path = LoginView.swift; sourceTree = "<group>"; };
		BC56DC832997B6F4002790B8 /* AccountView.swift */ = {isa = PBXFileReference; lastKnownFileType = sourcecode.swift; path = AccountView.swift; sourceTree = "<group>"; };
		BC56DC862997C20C002790B8 /* SegmentedControlCell.swift */ = {isa = PBXFileReference; lastKnownFileType = sourcecode.swift; path = SegmentedControlCell.swift; sourceTree = "<group>"; };
		BC5A4EE8292BAC3A003A20B7 /* DetailView.swift */ = {isa = PBXFileReference; lastKnownFileType = sourcecode.swift; path = DetailView.swift; sourceTree = "<group>"; };
		BC5A4EEC292C1754003A20B7 /* Utilities.swift */ = {isa = PBXFileReference; lastKnownFileType = sourcecode.swift; path = Utilities.swift; sourceTree = "<group>"; };
		BC5CB87D293B7D870017AE69 /* TextFieldCell.swift */ = {isa = PBXFileReference; lastKnownFileType = sourcecode.swift; path = TextFieldCell.swift; sourceTree = "<group>"; };
		BC5CB87F293B7EF10017AE69 /* TextViewCell.swift */ = {isa = PBXFileReference; lastKnownFileType = sourcecode.swift; path = TextViewCell.swift; sourceTree = "<group>"; };
		BC611B9C29AA9C2C00F259FD /* ChangeUnitView.swift */ = {isa = PBXFileReference; lastKnownFileType = sourcecode.swift; path = ChangeUnitView.swift; sourceTree = "<group>"; };
		BC66A6E82929154B00F33E7D /* Item.swift */ = {isa = PBXFileReference; lastKnownFileType = sourcecode.swift; path = Item.swift; sourceTree = "<group>"; };
		BC66A6EA29296D8900F33E7D /* Storage.swift */ = {isa = PBXFileReference; lastKnownFileType = sourcecode.swift; path = Storage.swift; sourceTree = "<group>"; };
		BC67706F2927D4A600985CAB /* SearchView.swift */ = {isa = PBXFileReference; lastKnownFileType = sourcecode.swift; path = SearchView.swift; sourceTree = "<group>"; };
		BC67B218298C6245000E45D1 /* RadiusCell.swift */ = {isa = PBXFileReference; lastKnownFileType = sourcecode.swift; path = RadiusCell.swift; sourceTree = "<group>"; };
		BC69075A2939247F005D1EAB /* PhotosCell.swift */ = {isa = PBXFileReference; lastKnownFileType = sourcecode.swift; path = PhotosCell.swift; sourceTree = "<group>"; };
		BC69ED642938F37A00A63A79 /* AddItemView.swift */ = {isa = PBXFileReference; lastKnownFileType = sourcecode.swift; path = AddItemView.swift; sourceTree = "<group>"; };
		BC6FDA7429D612A000AFA4E9 /* EndedAdsView.swift */ = {isa = PBXFileReference; lastKnownFileType = sourcecode.swift; path = EndedAdsView.swift; sourceTree = "<group>"; };
		BC6FF48F2957841100F1D772 /* ItemViewCell.swift */ = {isa = PBXFileReference; lastKnownFileType = sourcecode.swift; path = ItemViewCell.swift; sourceTree = "<group>"; };
		BC72B09329B0C92E00703FF4 /* ChangePasswordView.swift */ = {isa = PBXFileReference; lastKnownFileType = sourcecode.swift; path = ChangePasswordView.swift; sourceTree = "<group>"; };
		BC78F72A295EED4F0006DDB6 /* MapViewCell.swift */ = {isa = PBXFileReference; lastKnownFileType = sourcecode.swift; path = MapViewCell.swift; sourceTree = "<group>"; };
		BCCE154A293BE14F00C256E4 /* ButtonCell.swift */ = {isa = PBXFileReference; lastKnownFileType = sourcecode.swift; path = ButtonCell.swift; sourceTree = "<group>"; };
		BCE805D829324670009CB632 /* SavedView.swift */ = {isa = PBXFileReference; lastKnownFileType = sourcecode.swift; path = SavedView.swift; sourceTree = "<group>"; };
		BCF2F94229266D2400930252 /* TradeApp.app */ = {isa = PBXFileReference; explicitFileType = wrapper.application; includeInIndex = 0; path = TradeApp.app; sourceTree = BUILT_PRODUCTS_DIR; };
		BCF2F94529266D2400930252 /* AppDelegate.swift */ = {isa = PBXFileReference; lastKnownFileType = sourcecode.swift; path = AppDelegate.swift; sourceTree = "<group>"; };
		BCF2F94729266D2400930252 /* SceneDelegate.swift */ = {isa = PBXFileReference; lastKnownFileType = sourcecode.swift; path = SceneDelegate.swift; sourceTree = "<group>"; };
		BCF2F94929266D2400930252 /* ViewController.swift */ = {isa = PBXFileReference; lastKnownFileType = sourcecode.swift; path = ViewController.swift; sourceTree = "<group>"; };
		BCF2F94C29266D2400930252 /* Base */ = {isa = PBXFileReference; lastKnownFileType = file.storyboard; name = Base; path = Base.lproj/Main.storyboard; sourceTree = "<group>"; };
		BCF2F94E29266D2600930252 /* Assets.xcassets */ = {isa = PBXFileReference; lastKnownFileType = folder.assetcatalog; path = Assets.xcassets; sourceTree = "<group>"; };
		BCF2F95129266D2600930252 /* Base */ = {isa = PBXFileReference; lastKnownFileType = file.storyboard; name = Base; path = Base.lproj/LaunchScreen.storyboard; sourceTree = "<group>"; };
		BCF2F95329266D2600930252 /* Info.plist */ = {isa = PBXFileReference; lastKnownFileType = text.plist.xml; path = Info.plist; sourceTree = "<group>"; };
		BCF2F9592926CFEB00930252 /* ItemCell.swift */ = {isa = PBXFileReference; lastKnownFileType = sourcecode.swift; path = ItemCell.swift; sourceTree = "<group>"; };
		BCF2F95B2926D71E00930252 /* CategoryView.swift */ = {isa = PBXFileReference; lastKnownFileType = sourcecode.swift; path = CategoryView.swift; sourceTree = "<group>"; };
/* End PBXFileReference section */

/* Begin PBXFrameworksBuildPhase section */
		BCF2F93F29266D2400930252 /* Frameworks */ = {
			isa = PBXFrameworksBuildPhase;
			buildActionMask = 2147483647;
			files = (
			);
			runOnlyForDeploymentPostprocessing = 0;
		};
/* End PBXFrameworksBuildPhase section */

/* Begin PBXGroup section */
		BC019D242958A72700EB04F8 /* Item View */ = {
			isa = PBXGroup;
			children = (
				BC17416E292D33680055A0B8 /* ItemView.swift */,
				BC6FF48F2957841100F1D772 /* ItemViewCell.swift */,
			);
			path = "Item View";
			sourceTree = "<group>";
		};
		BC019D252958A76F00EB04F8 /* Detail View */ = {
			isa = PBXGroup;
			children = (
				BC5A4EE8292BAC3A003A20B7 /* DetailView.swift */,
				BC019D282958A85C00EB04F8 /* DetailViewCell.swift */,
				BC78F72A295EED4F0006DDB6 /* MapViewCell.swift */,
			);
			path = "Detail View";
			sourceTree = "<group>";
		};
		BC019D272958A7B400EB04F8 /* Search */ = {
			isa = PBXGroup;
			children = (
				BCF2F9592926CFEB00930252 /* ItemCell.swift */,
				BC325C432986A0AD00EF83AB /* HeaderView.swift */,
				BCF2F94929266D2400930252 /* ViewController.swift */,
				BCF2F95B2926D71E00930252 /* CategoryView.swift */,
				BC67706F2927D4A600985CAB /* SearchView.swift */,
			);
			path = Search;
			sourceTree = "<group>";
		};
		BC56DC852997B706002790B8 /* Account */ = {
			isa = PBXGroup;
			children = (
				BC56DC862997C20C002790B8 /* SegmentedControlCell.swift */,
				BC56DC812997B678002790B8 /* LoginView.swift */,
				BC56DC832997B6F4002790B8 /* AccountView.swift */,
				BC611B9C29AA9C2C00F259FD /* ChangeUnitView.swift */,
				BC42D98929B8919A003B6476 /* ChangeNumberView.swift */,
				BC16850129AF625A002ED0C5 /* ChangeEmailView.swift */,
				BC72B09329B0C92E00703FF4 /* ChangePasswordView.swift */,
				BC54D04229B3DEDB00E6F45F /* ActiveAdsView.swift */,
				BC6FDA7429D612A000AFA4E9 /* EndedAdsView.swift */,
				BC54D04429B3EDDD00E6F45F /* AdCell.swift */,
			);
			path = Account;
			sourceTree = "<group>";
		};
		BC5CB87B293B74380017AE69 /* Filter */ = {
			isa = PBXGroup;
			children = (
				BC174170292D46B30055A0B8 /* FilterView.swift */,
				BC174174292D55760055A0B8 /* FilterCell.swift */,
				BC174176292D59FF0055A0B8 /* PriceCell.swift */,
				BC67B218298C6245000E45D1 /* RadiusCell.swift */,
			);
			path = Filter;
			sourceTree = "<group>";
		};
		BC5CB87C293B7A090017AE69 /* Add */ = {
			isa = PBXGroup;
			children = (
				BC69ED642938F37A00A63A79 /* AddItemView.swift */,
				BC2626612944CDEA0049E7A9 /* CollectionTableViewCell.swift */,
				BC69075A2939247F005D1EAB /* PhotosCell.swift */,
				BC5CB87D293B7D870017AE69 /* TextFieldCell.swift */,
				BC5CB87F293B7EF10017AE69 /* TextViewCell.swift */,
				BCCE154A293BE14F00C256E4 /* ButtonCell.swift */,
			);
			path = Add;
			sourceTree = "<group>";
		};
		BCF2F93929266D2400930252 = {
			isa = PBXGroup;
			children = (
				BCF2F94429266D2400930252 /* TradeApp */,
				BCF2F94329266D2400930252 /* Products */,
			);
			sourceTree = "<group>";
		};
		BCF2F94329266D2400930252 /* Products */ = {
			isa = PBXGroup;
			children = (
				BCF2F94229266D2400930252 /* TradeApp.app */,
			);
			name = Products;
			sourceTree = "<group>";
		};
		BCF2F94429266D2400930252 /* TradeApp */ = {
			isa = PBXGroup;
			children = (
				BCF2F94529266D2400930252 /* AppDelegate.swift */,
				BCF2F94729266D2400930252 /* SceneDelegate.swift */,
				BC019D272958A7B400EB04F8 /* Search */,
				BC019D252958A76F00EB04F8 /* Detail View */,
				BC019D242958A72700EB04F8 /* Item View */,
				BC5CB87B293B74380017AE69 /* Filter */,
				BC5CB87C293B7A090017AE69 /* Add */,
				BC56DC852997B706002790B8 /* Account */,
				BCE805D829324670009CB632 /* SavedView.swift */,
				BC2FD2D629EAD30200CAC8BA /* NoConnectionView.swift */,
				BC5A4EEC292C1754003A20B7 /* Utilities.swift */,
				BC66A6EA29296D8900F33E7D /* Storage.swift */,
				BC66A6E82929154B00F33E7D /* Item.swift */,
				BC42D98B29B8BB99003B6476 /* User.swift */,
				BCF2F94B29266D2400930252 /* Main.storyboard */,
				BCF2F94E29266D2600930252 /* Assets.xcassets */,
				BCF2F95029266D2600930252 /* LaunchScreen.storyboard */,
				BCF2F95329266D2600930252 /* Info.plist */,
			);
			path = TradeApp;
			sourceTree = "<group>";
		};
/* End PBXGroup section */

/* Begin PBXNativeTarget section */
		BCF2F94129266D2400930252 /* TradeApp */ = {
			isa = PBXNativeTarget;
			buildConfigurationList = BCF2F95629266D2600930252 /* Build configuration list for PBXNativeTarget "TradeApp" */;
			buildPhases = (
				BCF2F93E29266D2400930252 /* Sources */,
				BCF2F93F29266D2400930252 /* Frameworks */,
				BCF2F94029266D2400930252 /* Resources */,
			);
			buildRules = (
			);
			dependencies = (
			);
			name = TradeApp;
			productName = TradeApp;
			productReference = BCF2F94229266D2400930252 /* TradeApp.app */;
			productType = "com.apple.product-type.application";
		};
/* End PBXNativeTarget section */

/* Begin PBXProject section */
		BCF2F93A29266D2400930252 /* Project object */ = {
			isa = PBXProject;
			attributes = {
				BuildIndependentTargetsInParallel = 1;
				LastSwiftUpdateCheck = 1400;
				LastUpgradeCheck = 1400;
				TargetAttributes = {
					BCF2F94129266D2400930252 = {
						CreatedOnToolsVersion = 14.0.1;
					};
				};
			};
			buildConfigurationList = BCF2F93D29266D2400930252 /* Build configuration list for PBXProject "TradeApp" */;
			compatibilityVersion = "Xcode 14.0";
			developmentRegion = en;
			hasScannedForEncodings = 0;
			knownRegions = (
				en,
				Base,
			);
			mainGroup = BCF2F93929266D2400930252;
			productRefGroup = BCF2F94329266D2400930252 /* Products */;
			projectDirPath = "";
			projectRoot = "";
			targets = (
				BCF2F94129266D2400930252 /* TradeApp */,
			);
		};
/* End PBXProject section */

/* Begin PBXResourcesBuildPhase section */
		BCF2F94029266D2400930252 /* Resources */ = {
			isa = PBXResourcesBuildPhase;
			buildActionMask = 2147483647;
			files = (
				BCF2F95229266D2600930252 /* LaunchScreen.storyboard in Resources */,
				BCF2F94F29266D2600930252 /* Assets.xcassets in Resources */,
				BCF2F94D29266D2400930252 /* Main.storyboard in Resources */,
			);
			runOnlyForDeploymentPostprocessing = 0;
		};
/* End PBXResourcesBuildPhase section */

/* Begin PBXSourcesBuildPhase section */
		BCF2F93E29266D2400930252 /* Sources */ = {
			isa = PBXSourcesBuildPhase;
			buildActionMask = 2147483647;
			files = (
				BC69ED652938F37A00A63A79 /* AddItemView.swift in Sources */,
				BC174171292D46B30055A0B8 /* FilterView.swift in Sources */,
				BC5A4EE9292BAC3A003A20B7 /* DetailView.swift in Sources */,
				BC69075B2939247F005D1EAB /* PhotosCell.swift in Sources */,
				BC54D04329B3DEDB00E6F45F /* ActiveAdsView.swift in Sources */,
				BC56DC842997B6F4002790B8 /* AccountView.swift in Sources */,
				BC6770702927D4A600985CAB /* SearchView.swift in Sources */,
				BC67B219298C6245000E45D1 /* RadiusCell.swift in Sources */,
				BC72B09429B0C92E00703FF4 /* ChangePasswordView.swift in Sources */,
				BC2FD2D729EAD30200CAC8BA /* NoConnectionView.swift in Sources */,
				BC611B9D29AA9C2C00F259FD /* ChangeUnitView.swift in Sources */,
				BC019D292958A85C00EB04F8 /* DetailViewCell.swift in Sources */,
				BC5A4EED292C1754003A20B7 /* Utilities.swift in Sources */,
				BC6FF4902957841100F1D772 /* ItemViewCell.swift in Sources */,
				BCF2F95C2926D71E00930252 /* CategoryView.swift in Sources */,
				BCF2F95A2926CFEB00930252 /* ItemCell.swift in Sources */,
				BCF2F94A29266D2400930252 /* ViewController.swift in Sources */,
				BC174175292D55760055A0B8 /* FilterCell.swift in Sources */,
				BCE805D929324670009CB632 /* SavedView.swift in Sources */,
				BC5CB87E293B7D870017AE69 /* TextFieldCell.swift in Sources */,
				BC42D98A29B8919A003B6476 /* ChangeNumberView.swift in Sources */,
				BC66A6E92929154B00F33E7D /* Item.swift in Sources */,
				BC325C442986A0AD00EF83AB /* HeaderView.swift in Sources */,
				BC17416F292D33680055A0B8 /* ItemView.swift in Sources */,
				BC66A6EB29296D8900F33E7D /* Storage.swift in Sources */,
				BC16850229AF625A002ED0C5 /* ChangeEmailView.swift in Sources */,
				BC6FDA7529D612A000AFA4E9 /* EndedAdsView.swift in Sources */,
				BCF2F94629266D2400930252 /* AppDelegate.swift in Sources */,
				BC2626622944CDEA0049E7A9 /* CollectionTableViewCell.swift in Sources */,
				BC54D04529B3EDDD00E6F45F /* AdCell.swift in Sources */,
				BC56DC822997B678002790B8 /* LoginView.swift in Sources */,
				BC5CB880293B7EF10017AE69 /* TextViewCell.swift in Sources */,
				BC174177292D59FF0055A0B8 /* PriceCell.swift in Sources */,
				BC56DC872997C20C002790B8 /* SegmentedControlCell.swift in Sources */,
				BC42D98C29B8BB99003B6476 /* User.swift in Sources */,
				BC78F72B295EED4F0006DDB6 /* MapViewCell.swift in Sources */,
				BCF2F94829266D2400930252 /* SceneDelegate.swift in Sources */,
				BCCE154B293BE14F00C256E4 /* ButtonCell.swift in Sources */,
			);
			runOnlyForDeploymentPostprocessing = 0;
		};
/* End PBXSourcesBuildPhase section */

/* Begin PBXVariantGroup section */
		BCF2F94B29266D2400930252 /* Main.storyboard */ = {
			isa = PBXVariantGroup;
			children = (
				BCF2F94C29266D2400930252 /* Base */,
			);
			name = Main.storyboard;
			sourceTree = "<group>";
		};
		BCF2F95029266D2600930252 /* LaunchScreen.storyboard */ = {
			isa = PBXVariantGroup;
			children = (
				BCF2F95129266D2600930252 /* Base */,
			);
			name = LaunchScreen.storyboard;
			sourceTree = "<group>";
		};
/* End PBXVariantGroup section */

/* Begin XCBuildConfiguration section */
		BCF2F95429266D2600930252 /* Debug */ = {
			isa = XCBuildConfiguration;
			buildSettings = {
				ALWAYS_SEARCH_USER_PATHS = NO;
				CLANG_ANALYZER_NONNULL = YES;
				CLANG_ANALYZER_NUMBER_OBJECT_CONVERSION = YES_AGGRESSIVE;
				CLANG_CXX_LANGUAGE_STANDARD = "gnu++20";
				CLANG_ENABLE_MODULES = YES;
				CLANG_ENABLE_OBJC_ARC = YES;
				CLANG_ENABLE_OBJC_WEAK = YES;
				CLANG_WARN_BLOCK_CAPTURE_AUTORELEASING = YES;
				CLANG_WARN_BOOL_CONVERSION = YES;
				CLANG_WARN_COMMA = YES;
				CLANG_WARN_CONSTANT_CONVERSION = YES;
				CLANG_WARN_DEPRECATED_OBJC_IMPLEMENTATIONS = YES;
				CLANG_WARN_DIRECT_OBJC_ISA_USAGE = YES_ERROR;
				CLANG_WARN_DOCUMENTATION_COMMENTS = YES;
				CLANG_WARN_EMPTY_BODY = YES;
				CLANG_WARN_ENUM_CONVERSION = YES;
				CLANG_WARN_INFINITE_RECURSION = YES;
				CLANG_WARN_INT_CONVERSION = YES;
				CLANG_WARN_NON_LITERAL_NULL_CONVERSION = YES;
				CLANG_WARN_OBJC_IMPLICIT_RETAIN_SELF = YES;
				CLANG_WARN_OBJC_LITERAL_CONVERSION = YES;
				CLANG_WARN_OBJC_ROOT_CLASS = YES_ERROR;
				CLANG_WARN_QUOTED_INCLUDE_IN_FRAMEWORK_HEADER = YES;
				CLANG_WARN_RANGE_LOOP_ANALYSIS = YES;
				CLANG_WARN_STRICT_PROTOTYPES = YES;
				CLANG_WARN_SUSPICIOUS_MOVE = YES;
				CLANG_WARN_UNGUARDED_AVAILABILITY = YES_AGGRESSIVE;
				CLANG_WARN_UNREACHABLE_CODE = YES;
				CLANG_WARN__DUPLICATE_METHOD_MATCH = YES;
				COPY_PHASE_STRIP = NO;
				DEBUG_INFORMATION_FORMAT = dwarf;
				ENABLE_STRICT_OBJC_MSGSEND = YES;
				ENABLE_TESTABILITY = YES;
				GCC_C_LANGUAGE_STANDARD = gnu11;
				GCC_DYNAMIC_NO_PIC = NO;
				GCC_NO_COMMON_BLOCKS = YES;
				GCC_OPTIMIZATION_LEVEL = 0;
				GCC_PREPROCESSOR_DEFINITIONS = (
					"DEBUG=1",
					"$(inherited)",
				);
				GCC_WARN_64_TO_32_BIT_CONVERSION = YES;
				GCC_WARN_ABOUT_RETURN_TYPE = YES_ERROR;
				GCC_WARN_UNDECLARED_SELECTOR = YES;
				GCC_WARN_UNINITIALIZED_AUTOS = YES_AGGRESSIVE;
				GCC_WARN_UNUSED_FUNCTION = YES;
				GCC_WARN_UNUSED_VARIABLE = YES;
				IPHONEOS_DEPLOYMENT_TARGET = 16.0;
				MTL_ENABLE_DEBUG_INFO = INCLUDE_SOURCE;
				MTL_FAST_MATH = YES;
				ONLY_ACTIVE_ARCH = YES;
				SDKROOT = iphoneos;
				SWIFT_ACTIVE_COMPILATION_CONDITIONS = DEBUG;
				SWIFT_OPTIMIZATION_LEVEL = "-Onone";
			};
			name = Debug;
		};
		BCF2F95529266D2600930252 /* Release */ = {
			isa = XCBuildConfiguration;
			buildSettings = {
				ALWAYS_SEARCH_USER_PATHS = NO;
				CLANG_ANALYZER_NONNULL = YES;
				CLANG_ANALYZER_NUMBER_OBJECT_CONVERSION = YES_AGGRESSIVE;
				CLANG_CXX_LANGUAGE_STANDARD = "gnu++20";
				CLANG_ENABLE_MODULES = YES;
				CLANG_ENABLE_OBJC_ARC = YES;
				CLANG_ENABLE_OBJC_WEAK = YES;
				CLANG_WARN_BLOCK_CAPTURE_AUTORELEASING = YES;
				CLANG_WARN_BOOL_CONVERSION = YES;
				CLANG_WARN_COMMA = YES;
				CLANG_WARN_CONSTANT_CONVERSION = YES;
				CLANG_WARN_DEPRECATED_OBJC_IMPLEMENTATIONS = YES;
				CLANG_WARN_DIRECT_OBJC_ISA_USAGE = YES_ERROR;
				CLANG_WARN_DOCUMENTATION_COMMENTS = YES;
				CLANG_WARN_EMPTY_BODY = YES;
				CLANG_WARN_ENUM_CONVERSION = YES;
				CLANG_WARN_INFINITE_RECURSION = YES;
				CLANG_WARN_INT_CONVERSION = YES;
				CLANG_WARN_NON_LITERAL_NULL_CONVERSION = YES;
				CLANG_WARN_OBJC_IMPLICIT_RETAIN_SELF = YES;
				CLANG_WARN_OBJC_LITERAL_CONVERSION = YES;
				CLANG_WARN_OBJC_ROOT_CLASS = YES_ERROR;
				CLANG_WARN_QUOTED_INCLUDE_IN_FRAMEWORK_HEADER = YES;
				CLANG_WARN_RANGE_LOOP_ANALYSIS = YES;
				CLANG_WARN_STRICT_PROTOTYPES = YES;
				CLANG_WARN_SUSPICIOUS_MOVE = YES;
				CLANG_WARN_UNGUARDED_AVAILABILITY = YES_AGGRESSIVE;
				CLANG_WARN_UNREACHABLE_CODE = YES;
				CLANG_WARN__DUPLICATE_METHOD_MATCH = YES;
				COPY_PHASE_STRIP = NO;
				DEBUG_INFORMATION_FORMAT = "dwarf-with-dsym";
				ENABLE_NS_ASSERTIONS = NO;
				ENABLE_STRICT_OBJC_MSGSEND = YES;
				GCC_C_LANGUAGE_STANDARD = gnu11;
				GCC_NO_COMMON_BLOCKS = YES;
				GCC_WARN_64_TO_32_BIT_CONVERSION = YES;
				GCC_WARN_ABOUT_RETURN_TYPE = YES_ERROR;
				GCC_WARN_UNDECLARED_SELECTOR = YES;
				GCC_WARN_UNINITIALIZED_AUTOS = YES_AGGRESSIVE;
				GCC_WARN_UNUSED_FUNCTION = YES;
				GCC_WARN_UNUSED_VARIABLE = YES;
				IPHONEOS_DEPLOYMENT_TARGET = 16.0;
				MTL_ENABLE_DEBUG_INFO = NO;
				MTL_FAST_MATH = YES;
				SDKROOT = iphoneos;
				SWIFT_COMPILATION_MODE = wholemodule;
				SWIFT_OPTIMIZATION_LEVEL = "-O";
				VALIDATE_PRODUCT = YES;
			};
			name = Release;
		};
		BCF2F95729266D2600930252 /* Debug */ = {
			isa = XCBuildConfiguration;
			buildSettings = {
				ASSETCATALOG_COMPILER_APPICON_NAME = AppIcon;
				ASSETCATALOG_COMPILER_GLOBAL_ACCENT_COLOR_NAME = AccentColor;
				CODE_SIGN_STYLE = Automatic;
				CURRENT_PROJECT_VERSION = 1;
				GENERATE_INFOPLIST_FILE = YES;
				INFOPLIST_FILE = TradeApp/Info.plist;
				INFOPLIST_KEY_LSApplicationCategoryType = "public.app-category.shopping";
				INFOPLIST_KEY_UIApplicationSupportsIndirectInputEvents = YES;
				INFOPLIST_KEY_UILaunchStoryboardName = LaunchScreen;
				INFOPLIST_KEY_UIMainStoryboardFile = Main;
				INFOPLIST_KEY_UISupportedInterfaceOrientations = UIInterfaceOrientationPortrait;
				LD_RUNPATH_SEARCH_PATHS = (
					"$(inherited)",
					"@executable_path/Frameworks",
				);
				MARKETING_VERSION = 1.0;
				PRODUCT_BUNDLE_IDENTIFIER = com.deathlezz.TradeApp;
				PRODUCT_NAME = "$(TARGET_NAME)";
				SWIFT_EMIT_LOC_STRINGS = YES;
				SWIFT_VERSION = 5.0;
				TARGETED_DEVICE_FAMILY = "1,2";
			};
			name = Debug;
		};
		BCF2F95829266D2600930252 /* Release */ = {
			isa = XCBuildConfiguration;
			buildSettings = {
				ASSETCATALOG_COMPILER_APPICON_NAME = AppIcon;
				ASSETCATALOG_COMPILER_GLOBAL_ACCENT_COLOR_NAME = AccentColor;
				CODE_SIGN_STYLE = Automatic;
				CURRENT_PROJECT_VERSION = 1;
				GENERATE_INFOPLIST_FILE = YES;
				INFOPLIST_FILE = TradeApp/Info.plist;
				INFOPLIST_KEY_LSApplicationCategoryType = "public.app-category.shopping";
				INFOPLIST_KEY_UIApplicationSupportsIndirectInputEvents = YES;
				INFOPLIST_KEY_UILaunchStoryboardName = LaunchScreen;
				INFOPLIST_KEY_UIMainStoryboardFile = Main;
				INFOPLIST_KEY_UISupportedInterfaceOrientations = UIInterfaceOrientationPortrait;
				LD_RUNPATH_SEARCH_PATHS = (
					"$(inherited)",
					"@executable_path/Frameworks",
				);
				MARKETING_VERSION = 1.0;
				PRODUCT_BUNDLE_IDENTIFIER = com.deathlezz.TradeApp;
				PRODUCT_NAME = "$(TARGET_NAME)";
				SWIFT_EMIT_LOC_STRINGS = YES;
				SWIFT_VERSION = 5.0;
				TARGETED_DEVICE_FAMILY = "1,2";
			};
			name = Release;
		};
/* End XCBuildConfiguration section */

/* Begin XCConfigurationList section */
		BCF2F93D29266D2400930252 /* Build configuration list for PBXProject "TradeApp" */ = {
			isa = XCConfigurationList;
			buildConfigurations = (
				BCF2F95429266D2600930252 /* Debug */,
				BCF2F95529266D2600930252 /* Release */,
			);
			defaultConfigurationIsVisible = 0;
			defaultConfigurationName = Release;
		};
		BCF2F95629266D2600930252 /* Build configuration list for PBXNativeTarget "TradeApp" */ = {
			isa = XCConfigurationList;
			buildConfigurations = (
				BCF2F95729266D2600930252 /* Debug */,
				BCF2F95829266D2600930252 /* Release */,
			);
			defaultConfigurationIsVisible = 0;
			defaultConfigurationName = Release;
		};
/* End XCConfigurationList section */
	};
	rootObject = BCF2F93A29266D2400930252 /* Project object */;
}
